name: X Ad Block

on:
  schedule:
    - cron: '0 */10 * * *'
  workflow_dispatch: 

jobs:
  run-script:
    runs-on: ubuntu-latest

    steps:
    - name: Checkout repository
      uses: actions/checkout@v2

    - name: Install dependencies
      run: |
        sudo apt-get update
        sudo wget -q -O - https://dl-ssl.google.com/linux/linux_signing_key.pub | sudo apt-key add -
        sudo apt-get install google-chrome-stable
        pip install chromedriver-binary==94.*
        pip install selenium

    - name: Run script
      env:
        ACCOUNT: ${{ secrets.ACCOUNT }}
        PASSWORD: ${{ secrets.PASSWORD }}
        PHONE: ${{ secrets.PHONE }}
      run: python x_ad_block.py